// !$*UTF8*$!
{
	archiveVersion = 1;
	classes = {
	};
	objectVersion = 50;
	objects = {

/* Begin PBXBuildFile section */
		E74C400C2305DE48009CB551 /* AppDelegate.swift in Sources */ = {isa = PBXBuildFile; fileRef = E74C400B2305DE48009CB551 /* AppDelegate.swift */; };
		E74C40122305DE48009CB551 /* GameScene.swift in Sources */ = {isa = PBXBuildFile; fileRef = E74C40112305DE48009CB551 /* GameScene.swift */; };
		E74C40142305DE48009CB551 /* GameViewController.swift in Sources */ = {isa = PBXBuildFile; fileRef = E74C40132305DE48009CB551 /* GameViewController.swift */; };
		E74C40172305DE48009CB551 /* Main.storyboard in Resources */ = {isa = PBXBuildFile; fileRef = E74C40152305DE48009CB551 /* Main.storyboard */; };
		E74C40192305DE4A009CB551 /* Assets.xcassets in Resources */ = {isa = PBXBuildFile; fileRef = E74C40182305DE4A009CB551 /* Assets.xcassets */; };
		E74C401C2305DE4A009CB551 /* LaunchScreen.storyboard in Resources */ = {isa = PBXBuildFile; fileRef = E74C401A2305DE4A009CB551 /* LaunchScreen.storyboard */; };
		E74C4032230C8E38009CB551 /* TouchableSprite.swift in Sources */ = {isa = PBXBuildFile; fileRef = E74C4031230C8E38009CB551 /* TouchableSprite.swift */; };
/* End PBXBuildFile section */

/* Begin PBXFileReference section */
		E74C40082305DE48009CB551 /* spritz.app */ = {isa = PBXFileReference; explicitFileType = wrapper.application; includeInIndex = 0; path = spritz.app; sourceTree = BUILT_PRODUCTS_DIR; };
		E74C400B2305DE48009CB551 /* AppDelegate.swift */ = {isa = PBXFileReference; lastKnownFileType = sourcecode.swift; path = AppDelegate.swift; sourceTree = "<group>"; };
		E74C40112305DE48009CB551 /* GameScene.swift */ = {isa = PBXFileReference; lastKnownFileType = sourcecode.swift; path = GameScene.swift; sourceTree = "<group>"; };
		E74C40132305DE48009CB551 /* GameViewController.swift */ = {isa = PBXFileReference; lastKnownFileType = sourcecode.swift; path = GameViewController.swift; sourceTree = "<group>"; };
		E74C40162305DE48009CB551 /* Base */ = {isa = PBXFileReference; lastKnownFileType = file.storyboard; name = Base; path = Base.lproj/Main.storyboard; sourceTree = "<group>"; };
		E74C40182305DE4A009CB551 /* Assets.xcassets */ = {isa = PBXFileReference; lastKnownFileType = folder.assetcatalog; path = Assets.xcassets; sourceTree = "<group>"; };
		E74C401B2305DE4A009CB551 /* Base */ = {isa = PBXFileReference; lastKnownFileType = file.storyboard; name = Base; path = Base.lproj/LaunchScreen.storyboard; sourceTree = "<group>"; };
		E74C401D2305DE4A009CB551 /* Info.plist */ = {isa = PBXFileReference; lastKnownFileType = text.plist.xml; path = Info.plist; sourceTree = "<group>"; };
		E74C402E230C715C009CB551 /* dpad.png */ = {isa = PBXFileReference; lastKnownFileType = image.png; path = dpad.png; sourceTree = "<group>"; };
		E74C4030230C715C009CB551 /* pro.png */ = {isa = PBXFileReference; lastKnownFileType = image.png; path = pro.png; sourceTree = "<group>"; };
		E74C4031230C8E38009CB551 /* TouchableSprite.swift */ = {isa = PBXFileReference; lastKnownFileType = sourcecode.swift; path = TouchableSprite.swift; sourceTree = "<group>"; };
/* End PBXFileReference section */

/* Begin PBXFrameworksBuildPhase section */
		E74C40052305DE48009CB551 /* Frameworks */ = {
			isa = PBXFrameworksBuildPhase;
			buildActionMask = 2147483647;
			files = (
			);
			runOnlyForDeploymentPostprocessing = 0;
		};
/* End PBXFrameworksBuildPhase section */

/* Begin PBXGroup section */
		E74C3FFF2305DE48009CB551 = {
			isa = PBXGroup;
			children = (
				E74C400A2305DE48009CB551 /* spritz */,
				E74C40092305DE48009CB551 /* Products */,
			);
			sourceTree = "<group>";
		};
		E74C40092305DE48009CB551 /* Products */ = {
			isa = PBXGroup;
			children = (
				E74C40082305DE48009CB551 /* spritz.app */,
			);
			name = Products;
			sourceTree = "<group>";
		};
		E74C400A2305DE48009CB551 /* spritz */ = {
			isa = PBXGroup;
			children = (
				E74C402D230C714A009CB551 /* assets */,
				E74C400B2305DE48009CB551 /* AppDelegate.swift */,
				E74C4031230C8E38009CB551 /* TouchableSprite.swift */,
				E74C40112305DE48009CB551 /* GameScene.swift */,
				E74C40132305DE48009CB551 /* GameViewController.swift */,
				E74C40152305DE48009CB551 /* Main.storyboard */,
				E74C40182305DE4A009CB551 /* Assets.xcassets */,
				E74C401A2305DE4A009CB551 /* LaunchScreen.storyboard */,
				E74C401D2305DE4A009CB551 /* Info.plist */,
			);
			path = spritz;
			sourceTree = "<group>";
		};
		E74C402D230C714A009CB551 /* assets */ = {
			isa = PBXGroup;
			children = (
				E74C402E230C715C009CB551 /* dpad.png */,
				E74C4030230C715C009CB551 /* pro.png */,
			);
			path = assets;
			sourceTree = "<group>";
		};
/* End PBXGroup section */

/* Begin PBXNativeTarget section */
		E74C40072305DE48009CB551 /* spritz */ = {
			isa = PBXNativeTarget;
			buildConfigurationList = E74C40202305DE4A009CB551 /* Build configuration list for PBXNativeTarget "spritz" */;
			buildPhases = (
				E74C40042305DE48009CB551 /* Sources */,
				E74C40052305DE48009CB551 /* Frameworks */,
				E74C40062305DE48009CB551 /* Resources */,
			);
			buildRules = (
			);
			dependencies = (
			);
			name = spritz;
			productName = spritz;
			productReference = E74C40082305DE48009CB551 /* spritz.app */;
			productType = "com.apple.product-type.application";
		};
/* End PBXNativeTarget section */

/* Begin PBXProject section */
		E74C40002305DE48009CB551 /* Project object */ = {
			isa = PBXProject;
			attributes = {
				LastSwiftUpdateCheck = 1010;
				LastUpgradeCheck = 1010;
				ORGANIZATIONNAME = "Philip Gingerich";
				TargetAttributes = {
					E74C40072305DE48009CB551 = {
						CreatedOnToolsVersion = 10.1;
					};
				};
			};
			buildConfigurationList = E74C40032305DE48009CB551 /* Build configuration list for PBXProject "spritz" */;
			compatibilityVersion = "Xcode 9.3";
			developmentRegion = en;
			hasScannedForEncodings = 0;
			knownRegions = (
				en,
				Base,
			);
			mainGroup = E74C3FFF2305DE48009CB551;
			productRefGroup = E74C40092305DE48009CB551 /* Products */;
			projectDirPath = "";
			projectRoot = "";
			targets = (
				E74C40072305DE48009CB551 /* spritz */,
			);
		};
/* End PBXProject section */

/* Begin PBXResourcesBuildPhase section */
		E74C40062305DE48009CB551 /* Resources */ = {
			isa = PBXResourcesBuildPhase;
			buildActionMask = 2147483647;
			files = (
				E74C40172305DE48009CB551 /* Main.storyboard in Resources */,
				E74C40192305DE4A009CB551 /* Assets.xcassets in Resources */,
				E74C401C2305DE4A009CB551 /* LaunchScreen.storyboard in Resources */,
			);
			runOnlyForDeploymentPostprocessing = 0;
		};
/* End PBXResourcesBuildPhase section */

/* Begin PBXSourcesBuildPhase section */
		E74C40042305DE48009CB551 /* Sources */ = {
			isa = PBXSourcesBuildPhase;
			buildActionMask = 2147483647;
			files = (
				E74C40122305DE48009CB551 /* GameScene.swift in Sources */,
				E74C40142305DE48009CB551 /* GameViewController.swift in Sources */,
				E74C4032230C8E38009CB551 /* TouchableSprite.swift in Sources */,
				E74C400C2305DE48009CB551 /* AppDelegate.swift in Sources */,
			);
			runOnlyForDeploymentPostprocessing = 0;
		};
/* End PBXSourcesBuildPhase section */

/* Begin PBXVariantGroup section */
		E74C40152305DE48009CB551 /* Main.storyboard */ = {
			isa = PBXVariantGroup;
			children = (
				E74C40162305DE48009CB551 /* Base */,
			);
			name = Main.storyboard;
			sourceTree = "<group>";
		};
		E74C401A2305DE4A009CB551 /* LaunchScreen.storyboard */ = {
			isa = PBXVariantGroup;
			children = (
				E74C401B2305DE4A009CB551 /* Base */,
			);
			name = LaunchScreen.storyboard;
			sourceTree = "<group>";
		};
/* End PBXVariantGroup section */

/* Begin XCBuildConfiguration section */
		E74C401E2305DE4A009CB551 /* Debug */ = {
			isa = XCBuildConfiguration;
			buildSettings = {
				ALWAYS_SEARCH_USER_PATHS = NO;
				CLANG_ANALYZER_NONNULL = YES;
				CLANG_ANALYZER_NUMBER_OBJECT_CONVERSION = YES_AGGRESSIVE;
				CLANG_CXX_LANGUAGE_STANDARD = "gnu++14";
				CLANG_CXX_LIBRARY = "libc++";
				CLANG_ENABLE_MODULES = YES;
				CLANG_ENABLE_OBJC_ARC = YES;
				CLANG_ENABLE_OBJC_WEAK = YES;
				CLANG_WARN_BLOCK_CAPTURE_AUTORELEASING = YES;
				CLANG_WARN_BOOL_CONVERSION = YES;
				CLANG_WARN_COMMA = YES;
				CLANG_WARN_CONSTANT_CONVERSION = YES;
				CLANG_WARN_DEPRECATED_OBJC_IMPLEMENTATIONS = YES;
				CLANG_WARN_DIRECT_OBJC_ISA_USAGE = YES_ERROR;
				CLANG_WARN_DOCUMENTATION_COMMENTS = YES;
				CLANG_WARN_EMPTY_BODY = YES;
				CLANG_WARN_ENUM_CONVERSION = YES;
				CLANG_WARN_INFINITE_RECURSION = YES;
				CLANG_WARN_INT_CONVERSION = YES;
				CLANG_WARN_NON_LITERAL_NULL_CONVERSION = YES;
				CLANG_WARN_OBJC_IMPLICIT_RETAIN_SELF = YES;
				CLANG_WARN_OBJC_LITERAL_CONVERSION = YES;
				CLANG_WARN_OBJC_ROOT_CLASS = YES_ERROR;
				CLANG_WARN_RANGE_LOOP_ANALYSIS = YES;
				CLANG_WARN_STRICT_PROTOTYPES = YES;
				CLANG_WARN_SUSPICIOUS_MOVE = YES;
				CLANG_WARN_UNGUARDED_AVAILABILITY = YES_AGGRESSIVE;
				CLANG_WARN_UNREACHABLE_CODE = YES;
				CLANG_WARN__DUPLICATE_METHOD_MATCH = YES;
				CODE_SIGN_IDENTITY = "iPhone Developer";
				COPY_PHASE_STRIP = NO;
				DEBUG_INFORMATION_FORMAT = dwarf;
				ENABLE_STRICT_OBJC_MSGSEND = YES;
				ENABLE_TESTABILITY = YES;
				GCC_C_LANGUAGE_STANDARD = gnu11;
				GCC_DYNAMIC_NO_PIC = NO;
				GCC_NO_COMMON_BLOCKS = YES;
				GCC_OPTIMIZATION_LEVEL = 0;
				GCC_PREPROCESSOR_DEFINITIONS = (
					"DEBUG=1",
					"$(inherited)",
				);
				GCC_WARN_64_TO_32_BIT_CONVERSION = YES;
				GCC_WARN_ABOUT_RETURN_TYPE = YES_ERROR;
				GCC_WARN_UNDECLARED_SELECTOR = YES;
				GCC_WARN_UNINITIALIZED_AUTOS = YES_AGGRESSIVE;
				GCC_WARN_UNUSED_FUNCTION = YES;
				GCC_WARN_UNUSED_VARIABLE = YES;
				IPHONEOS_DEPLOYMENT_TARGET = 12.1;
				MTL_ENABLE_DEBUG_INFO = INCLUDE_SOURCE;
				MTL_FAST_MATH = YES;
				ONLY_ACTIVE_ARCH = YES;
				SDKROOT = iphoneos;
				SWIFT_ACTIVE_COMPILATION_CONDITIONS = DEBUG;
				SWIFT_OPTIMIZATION_LEVEL = "-Onone";
			};
			name = Debug;
		};
		E74C401F2305DE4A009CB551 /* Release */ = {
			isa = XCBuildConfiguration;
			buildSettings = {
				ALWAYS_SEARCH_USER_PATHS = NO;
				CLANG_ANALYZER_NONNULL = YES;
				CLANG_ANALYZER_NUMBER_OBJECT_CONVERSION = YES_AGGRESSIVE;
				CLANG_CXX_LANGUAGE_STANDARD = "gnu++14";
				CLANG_CXX_LIBRARY = "libc++";
				CLANG_ENABLE_MODULES = YES;
				CLANG_ENABLE_OBJC_ARC = YES;
				CLANG_ENABLE_OBJC_WEAK = YES;
				CLANG_WARN_BLOCK_CAPTURE_AUTORELEASING = YES;
				CLANG_WARN_BOOL_CONVERSION = YES;
				CLANG_WARN_COMMA = YES;
				CLANG_WARN_CONSTANT_CONVERSION = YES;
				CLANG_WARN_DEPRECATED_OBJC_IMPLEMENTATIONS = YES;
				CLANG_WARN_DIRECT_OBJC_ISA_USAGE = YES_ERROR;
				CLANG_WARN_DOCUMENTATION_COMMENTS = YES;
				CLANG_WARN_EMPTY_BODY = YES;
				CLANG_WARN_ENUM_CONVERSION = YES;
				CLANG_WARN_INFINITE_RECURSION = YES;
				CLANG_WARN_INT_CONVERSION = YES;
				CLANG_WARN_NON_LITERAL_NULL_CONVERSION = YES;
				CLANG_WARN_OBJC_IMPLICIT_RETAIN_SELF = YES;
				CLANG_WARN_OBJC_LITERAL_CONVERSION = YES;
				CLANG_WARN_OBJC_ROOT_CLASS = YES_ERROR;
				CLANG_WARN_RANGE_LOOP_ANALYSIS = YES;
				CLANG_WARN_STRICT_PROTOTYPES = YES;
				CLANG_WARN_SUSPICIOUS_MOVE = YES;
				CLANG_WARN_UNGUARDED_AVAILABILITY = YES_AGGRESSIVE;
				CLANG_WARN_UNREACHABLE_CODE = YES;
				CLANG_WARN__DUPLICATE_METHOD_MATCH = YES;
				CODE_SIGN_IDENTITY = "iPhone Developer";
				COPY_PHASE_STRIP = NO;
				DEBUG_INFORMATION_FORMAT = "dwarf-with-dsym";
				ENABLE_NS_ASSERTIONS = NO;
				ENABLE_STRICT_OBJC_MSGSEND = YES;
				GCC_C_LANGUAGE_STANDARD = gnu11;
				GCC_NO_COMMON_BLOCKS = YES;
				GCC_WARN_64_TO_32_BIT_CONVERSION = YES;
				GCC_WARN_ABOUT_RETURN_TYPE = YES_ERROR;
				GCC_WARN_UNDECLARED_SELECTOR = YES;
				GCC_WARN_UNINITIALIZED_AUTOS = YES_AGGRESSIVE;
				GCC_WARN_UNUSED_FUNCTION = YES;
				GCC_WARN_UNUSED_VARIABLE = YES;
				IPHONEOS_DEPLOYMENT_TARGET = 12.1;
				MTL_ENABLE_DEBUG_INFO = NO;
				MTL_FAST_MATH = YES;
				SDKROOT = iphoneos;
				SWIFT_COMPILATION_MODE = wholemodule;
				SWIFT_OPTIMIZATION_LEVEL = "-O";
				VALIDATE_PRODUCT = YES;
			};
			name = Release;
		};
		E74C40212305DE4A009CB551 /* Debug */ = {
			isa = XCBuildConfiguration;
			buildSettings = {
				ASSETCATALOG_COMPILER_APPICON_NAME = AppIcon;
				CODE_SIGN_STYLE = Automatic;
				INFOPLIST_FILE = spritz/Info.plist;
				LD_RUNPATH_SEARCH_PATHS = (
					"$(inherited)",
					"@executable_path/Frameworks",
				);
				PRODUCT_BUNDLE_IDENTIFIER = PGinger.spritz;
				PRODUCT_NAME = "$(TARGET_NAME)";
				SWIFT_VERSION = 4.2;
				TARGETED_DEVICE_FAMILY = "1,2";
			};
			name = Debug;
		};
		E74C40222305DE4A009CB551 /* Release */ = {
			isa = XCBuildConfiguration;
			buildSettings = {
				ASSETCATALOG_COMPILER_APPICON_NAME = AppIcon;
				CODE_SIGN_STYLE = Automatic;
				INFOPLIST_FILE = spritz/Info.plist;
				LD_RUNPATH_SEARCH_PATHS = (
					"$(inherited)",
					"@executable_path/Frameworks",
				);
				PRODUCT_BUNDLE_IDENTIFIER = PGinger.spritz;
				PRODUCT_NAME = "$(TARGET_NAME)";
				SWIFT_VERSION = 4.2;
				TARGETED_DEVICE_FAMILY = "1,2";
			};
			name = Release;
		};
/* End XCBuildConfiguration section */

/* Begin XCConfigurationList section */
		E74C40032305DE48009CB551 /* Build configuration list for PBXProject "spritz" */ = {
			isa = XCConfigurationList;
			buildConfigurations = (
				E74C401E2305DE4A009CB551 /* Debug */,
				E74C401F2305DE4A009CB551 /* Release */,
			);
			defaultConfigurationIsVisible = 0;
			defaultConfigurationName = Release;
		};
		E74C40202305DE4A009CB551 /* Build configuration list for PBXNativeTarget "spritz" */ = {
			isa = XCConfigurationList;
			buildConfigurations = (
				E74C40212305DE4A009CB551 /* Debug */,
				E74C40222305DE4A009CB551 /* Release */,
			);
			defaultConfigurationIsVisible = 0;
			defaultConfigurationName = Release;
		};
/* End XCConfigurationList section */
	};
	rootObject = E74C40002305DE48009CB551 /* Project object */;
}
